
Microsoft Visual Studio Solution File, Format Version 12.00
# Visual Studio Version 16
VisualStudioVersion = 16.0.30330.147
MinimumVisualStudioVersion = 10.0.40219.1
Project("{9A19103F-16F7-4668-BE54-9A1E7A4F7556}") = "LostTech.WhichPython", "src\LostTech.WhichPython.csproj", "{7B68FA6F-D206-4560-B8DB-DF79FFECF2F3}"
EndProject
Project("{2150E333-8FDC-42A3-9474-1A3956D46DE8}") = "Repo", "Repo", "{58BD14BE-AD9A-4CB1-A512-F0BBABC94B2E}"
	ProjectSection(SolutionItems) = preProject
		.gitignore = .gitignore
		LICENSE = LICENSE
		README.md = README.md
	EndProjectSection
EndProject
Project("{9A19103F-16F7-4668-BE54-9A1E7A4F7556}") = "WhichPython.App", "app\WhichPython.App.csproj", "{9BC6BDB7-CE49-422F-8B97-1D55C711BE09}"
EndProject
Project("{2150E333-8FDC-42A3-9474-1A3956D46DE8}") = "CI", "CI", "{811E05D3-A990-4573-941E-92D58E14A7D7}"
	ProjectSection(SolutionItems) = preProject
		CI\Build+Test.yml = CI\Build+Test.yml
	EndProjectSection
EndProject
Global
	GlobalSection(SolutionConfigurationPlatforms) = preSolution
		Debug|Any CPU = Debug|Any CPU
		Release|Any CPU = Release|Any CPU
	EndGlobalSection
	GlobalSection(ProjectConfigurationPlatforms) = postSolution
		{7B68FA6F-D206-4560-B8DB-DF79FFECF2F3}.Debug|Any CPU.ActiveCfg = Debug|Any CPU
		{7B68FA6F-D206-4560-B8DB-DF79FFECF2F3}.Debug|Any CPU.Build.0 = Debug|Any CPU
		{7B68FA6F-D206-4560-B8DB-DF79FFECF2F3}.Release|Any CPU.ActiveCfg = Release|Any CPU
		{7B68FA6F-D206-4560-B8DB-DF79FFECF2F3}.Release|Any CPU.Build.0 = Release|Any CPU
		{9BC6BDB7-CE49-422F-8B97-1D55C711BE09}.Debug|Any CPU.ActiveCfg = Debug|Any CPU
		{9BC6BDB7-CE49-422F-8B97-1D55C711BE09}.Debug|Any CPU.Build.0 = Debug|Any CPU
		{9BC6BDB7-CE49-422F-8B97-1D55C711BE09}.Release|Any CPU.ActiveCfg = Release|Any CPU
		{9BC6BDB7-CE49-422F-8B97-1D55C711BE09}.Release|Any CPU.Build.0 = Release|Any CPU
	EndGlobalSection
	GlobalSection(SolutionProperties) = preSolution
		HideSolutionNode = FALSE
	EndGlobalSection
	GlobalSection(ExtensibilityGlobals) = postSolution
		SolutionGuid = {4299AADC-B0C9-4E0C-B3E7-A6381F976C38}
	EndGlobalSection
EndGlobal
